{
  "nodes": {
    "nixpkgs": {
      "locked": {
        "lastModified": 1741586795,
        "narHash": "sha256-gPPP2eiMRizuevF0IuVGn7WVvdN9rjdLDC82flZyKOs=",
        "owner": "NixOS",
        "repo": "nixpkgs",
        "rev": "57905b07c60071ae227e5a80fb9c5da750f5c9ab",
        "type": "github"
      },
      "original": {
        "owner": "NixOS",
        "repo": "nixpkgs",
        "type": "github"
      }
    },
    "root": {
      "inputs": {
        "nixpkgs": "nixpkgs"
      }
    }
  },
  "root": "root",
  "version": 7
}
